// !$*UTF8*$!
{
	archiveVersion = 1;
	classes = {
	};
	objectVersion = 50;
	objects = {

/* Begin PBXBuildFile section */
		BA585CD221B109A6005462A8 /* AppDelegate.swift in Sources */ = {isa = PBXBuildFile; fileRef = BA585CD121B109A6005462A8 /* AppDelegate.swift */; };
		BA585CD421B109A6005462A8 /* ViewController.swift in Sources */ = {isa = PBXBuildFile; fileRef = BA585CD321B109A6005462A8 /* ViewController.swift */; };
		BA585CD721B109A6005462A8 /* Main.storyboard in Resources */ = {isa = PBXBuildFile; fileRef = BA585CD521B109A6005462A8 /* Main.storyboard */; };
		BA585CD921B109A7005462A8 /* Assets.xcassets in Resources */ = {isa = PBXBuildFile; fileRef = BA585CD821B109A7005462A8 /* Assets.xcassets */; };
		BA585CDC21B109A7005462A8 /* LaunchScreen.storyboard in Resources */ = {isa = PBXBuildFile; fileRef = BA585CDA21B109A7005462A8 /* LaunchScreen.storyboard */; };
		BA585CE721B109A7005462A8 /* tipsTests.swift in Sources */ = {isa = PBXBuildFile; fileRef = BA585CE621B109A7005462A8 /* tipsTests.swift */; };
		BA585CF221B109A7005462A8 /* tipsUITests.swift in Sources */ = {isa = PBXBuildFile; fileRef = BA585CF121B109A7005462A8 /* tipsUITests.swift */; };
/* End PBXBuildFile section */

/* Begin PBXContainerItemProxy section */
		BA585CE321B109A7005462A8 /* PBXContainerItemProxy */ = {
			isa = PBXContainerItemProxy;
			containerPortal = BA585CC621B109A6005462A8 /* Project object */;
			proxyType = 1;
			remoteGlobalIDString = BA585CCD21B109A6005462A8;
			remoteInfo = tips;
		};
		BA585CEE21B109A7005462A8 /* PBXContainerItemProxy */ = {
			isa = PBXContainerItemProxy;
			containerPortal = BA585CC621B109A6005462A8 /* Project object */;
			proxyType = 1;
			remoteGlobalIDString = BA585CCD21B109A6005462A8;
			remoteInfo = tips;
		};
/* End PBXContainerItemProxy section */

/* Begin PBXFileReference section */
		BA585CCE21B109A6005462A8 /* tips.app */ = {isa = PBXFileReference; explicitFileType = wrapper.application; includeInIndex = 0; path = tips.app; sourceTree = BUILT_PRODUCTS_DIR; };
		BA585CD121B109A6005462A8 /* AppDelegate.swift */ = {isa = PBXFileReference; lastKnownFileType = sourcecode.swift; path = AppDelegate.swift; sourceTree = "<group>"; };
		BA585CD321B109A6005462A8 /* ViewController.swift */ = {isa = PBXFileReference; lastKnownFileType = sourcecode.swift; path = ViewController.swift; sourceTree = "<group>"; };
		BA585CD621B109A6005462A8 /* Base */ = {isa = PBXFileReference; lastKnownFileType = file.storyboard; name = Base; path = Base.lproj/Main.storyboard; sourceTree = "<group>"; };
		BA585CD821B109A7005462A8 /* Assets.xcassets */ = {isa = PBXFileReference; lastKnownFileType = folder.assetcatalog; path = Assets.xcassets; sourceTree = "<group>"; };
		BA585CDB21B109A7005462A8 /* Base */ = {isa = PBXFileReference; lastKnownFileType = file.storyboard; name = Base; path = Base.lproj/LaunchScreen.storyboard; sourceTree = "<group>"; };
		BA585CDD21B109A7005462A8 /* Info.plist */ = {isa = PBXFileReference; lastKnownFileType = text.plist.xml; path = Info.plist; sourceTree = "<group>"; };
		BA585CE221B109A7005462A8 /* tipsTests.xctest */ = {isa = PBXFileReference; explicitFileType = wrapper.cfbundle; includeInIndex = 0; path = tipsTests.xctest; sourceTree = BUILT_PRODUCTS_DIR; };
		BA585CE621B109A7005462A8 /* tipsTests.swift */ = {isa = PBXFileReference; lastKnownFileType = sourcecode.swift; path = tipsTests.swift; sourceTree = "<group>"; };
		BA585CE821B109A7005462A8 /* Info.plist */ = {isa = PBXFileReference; lastKnownFileType = text.plist.xml; path = Info.plist; sourceTree = "<group>"; };
		BA585CED21B109A7005462A8 /* tipsUITests.xctest */ = {isa = PBXFileReference; explicitFileType = wrapper.cfbundle; includeInIndex = 0; path = tipsUITests.xctest; sourceTree = BUILT_PRODUCTS_DIR; };
		BA585CF121B109A7005462A8 /* tipsUITests.swift */ = {isa = PBXFileReference; lastKnownFileType = sourcecode.swift; path = tipsUITests.swift; sourceTree = "<group>"; };
		BA585CF321B109A7005462A8 /* Info.plist */ = {isa = PBXFileReference; lastKnownFileType = text.plist.xml; path = Info.plist; sourceTree = "<group>"; };
/* End PBXFileReference section */

/* Begin PBXFrameworksBuildPhase section */
		BA585CCB21B109A6005462A8 /* Frameworks */ = {
			isa = PBXFrameworksBuildPhase;
			buildActionMask = 2147483647;
			files = (
			);
			runOnlyForDeploymentPostprocessing = 0;
		};
		BA585CDF21B109A7005462A8 /* Frameworks */ = {
			isa = PBXFrameworksBuildPhase;
			buildActionMask = 2147483647;
			files = (
			);
			runOnlyForDeploymentPostprocessing = 0;
		};
		BA585CEA21B109A7005462A8 /* Frameworks */ = {
			isa = PBXFrameworksBuildPhase;
			buildActionMask = 2147483647;
			files = (
			);
			runOnlyForDeploymentPostprocessing = 0;
		};
/* End PBXFrameworksBuildPhase section */

/* Begin PBXGroup section */
		BA585CC521B109A6005462A8 = {
			isa = PBXGroup;
			children = (
				BA585CD021B109A6005462A8 /* tips */,
				BA585CE521B109A7005462A8 /* tipsTests */,
				BA585CF021B109A7005462A8 /* tipsUITests */,
				BA585CCF21B109A6005462A8 /* Products */,
			);
			sourceTree = "<group>";
		};
		BA585CCF21B109A6005462A8 /* Products */ = {
			isa = PBXGroup;
			children = (
				BA585CCE21B109A6005462A8 /* tips.app */,
				BA585CE221B109A7005462A8 /* tipsTests.xctest */,
				BA585CED21B109A7005462A8 /* tipsUITests.xctest */,
			);
			name = Products;
			sourceTree = "<group>";
		};
		BA585CD021B109A6005462A8 /* tips */ = {
			isa = PBXGroup;
			children = (
				BA585CD121B109A6005462A8 /* AppDelegate.swift */,
				BA585CD321B109A6005462A8 /* ViewController.swift */,
				BA585CD521B109A6005462A8 /* Main.storyboard */,
				BA585CD821B109A7005462A8 /* Assets.xcassets */,
				BA585CDA21B109A7005462A8 /* LaunchScreen.storyboard */,
				BA585CDD21B109A7005462A8 /* Info.plist */,
			);
			path = tips;
			sourceTree = "<group>";
		};
		BA585CE521B109A7005462A8 /* tipsTests */ = {
			isa = PBXGroup;
			children = (
				BA585CE621B109A7005462A8 /* tipsTests.swift */,
				BA585CE821B109A7005462A8 /* Info.plist */,
			);
			path = tipsTests;
			sourceTree = "<group>";
		};
		BA585CF021B109A7005462A8 /* tipsUITests */ = {
			isa = PBXGroup;
			children = (
				BA585CF121B109A7005462A8 /* tipsUITests.swift */,
				BA585CF321B109A7005462A8 /* Info.plist */,
			);
			path = tipsUITests;
			sourceTree = "<group>";
		};
/* End PBXGroup section */

/* Begin PBXNativeTarget section */
		BA585CCD21B109A6005462A8 /* tips */ = {
			isa = PBXNativeTarget;
			buildConfigurationList = BA585CF621B109A7005462A8 /* Build configuration list for PBXNativeTarget "tips" */;
			buildPhases = (
				BA585CCA21B109A6005462A8 /* Sources */,
				BA585CCB21B109A6005462A8 /* Frameworks */,
				BA585CCC21B109A6005462A8 /* Resources */,
			);
			buildRules = (
			);
			dependencies = (
			);
			name = tips;
			productName = tips;
			productReference = BA585CCE21B109A6005462A8 /* tips.app */;
			productType = "com.apple.product-type.application";
		};
		BA585CE121B109A7005462A8 /* tipsTests */ = {
			isa = PBXNativeTarget;
			buildConfigurationList = BA585CF921B109A7005462A8 /* Build configuration list for PBXNativeTarget "tipsTests" */;
			buildPhases = (
				BA585CDE21B109A7005462A8 /* Sources */,
				BA585CDF21B109A7005462A8 /* Frameworks */,
				BA585CE021B109A7005462A8 /* Resources */,
			);
			buildRules = (
			);
			dependencies = (
				BA585CE421B109A7005462A8 /* PBXTargetDependency */,
			);
			name = tipsTests;
			productName = tipsTests;
			productReference = BA585CE221B109A7005462A8 /* tipsTests.xctest */;
			productType = "com.apple.product-type.bundle.unit-test";
		};
		BA585CEC21B109A7005462A8 /* tipsUITests */ = {
			isa = PBXNativeTarget;
			buildConfigurationList = BA585CFC21B109A7005462A8 /* Build configuration list for PBXNativeTarget "tipsUITests" */;
			buildPhases = (
				BA585CE921B109A7005462A8 /* Sources */,
				BA585CEA21B109A7005462A8 /* Frameworks */,
				BA585CEB21B109A7005462A8 /* Resources */,
			);
			buildRules = (
			);
			dependencies = (
				BA585CEF21B109A7005462A8 /* PBXTargetDependency */,
			);
			name = tipsUITests;
			productName = tipsUITests;
			productReference = BA585CED21B109A7005462A8 /* tipsUITests.xctest */;
			productType = "com.apple.product-type.bundle.ui-testing";
		};
/* End PBXNativeTarget section */

/* Begin PBXProject section */
		BA585CC621B109A6005462A8 /* Project object */ = {
			isa = PBXProject;
			attributes = {
				LastSwiftUpdateCheck = 1010;
				LastUpgradeCheck = 1010;
				ORGANIZATIONNAME = "Debbie Vo";
				TargetAttributes = {
					BA585CCD21B109A6005462A8 = {
						CreatedOnToolsVersion = 10.1;
					};
					BA585CE121B109A7005462A8 = {
						CreatedOnToolsVersion = 10.1;
						TestTargetID = BA585CCD21B109A6005462A8;
					};
					BA585CEC21B109A7005462A8 = {
						CreatedOnToolsVersion = 10.1;
						TestTargetID = BA585CCD21B109A6005462A8;
					};
				};
			};
			buildConfigurationList = BA585CC921B109A6005462A8 /* Build configuration list for PBXProject "tips" */;
			compatibilityVersion = "Xcode 9.3";
			developmentRegion = en;
			hasScannedForEncodings = 0;
			knownRegions = (
				en,
				Base,
			);
			mainGroup = BA585CC521B109A6005462A8;
			productRefGroup = BA585CCF21B109A6005462A8 /* Products */;
			projectDirPath = "";
			projectRoot = "";
			targets = (
				BA585CCD21B109A6005462A8 /* tips */,
				BA585CE121B109A7005462A8 /* tipsTests */,
				BA585CEC21B109A7005462A8 /* tipsUITests */,
			);
		};
/* End PBXProject section */

/* Begin PBXResourcesBuildPhase section */
		BA585CCC21B109A6005462A8 /* Resources */ = {
			isa = PBXResourcesBuildPhase;
			buildActionMask = 2147483647;
			files = (
				BA585CDC21B109A7005462A8 /* LaunchScreen.storyboard in Resources */,
				BA585CD921B109A7005462A8 /* Assets.xcassets in Resources */,
				BA585CD721B109A6005462A8 /* Main.storyboard in Resources */,
			);
			runOnlyForDeploymentPostprocessing = 0;
		};
		BA585CE021B109A7005462A8 /* Resources */ = {
			isa = PBXResourcesBuildPhase;
			buildActionMask = 2147483647;
			files = (
			);
			runOnlyForDeploymentPostprocessing = 0;
		};
		BA585CEB21B109A7005462A8 /* Resources */ = {
			isa = PBXResourcesBuildPhase;
			buildActionMask = 2147483647;
			files = (
			);
			runOnlyForDeploymentPostprocessing = 0;
		};
/* End PBXResourcesBuildPhase section */

/* Begin PBXSourcesBuildPhase section */
		BA585CCA21B109A6005462A8 /* Sources */ = {
			isa = PBXSourcesBuildPhase;
			buildActionMask = 2147483647;
			files = (
				BA585CD421B109A6005462A8 /* ViewController.swift in Sources */,
				BA585CD221B109A6005462A8 /* AppDelegate.swift in Sources */,
			);
			runOnlyForDeploymentPostprocessing = 0;
		};
		BA585CDE21B109A7005462A8 /* Sources */ = {
			isa = PBXSourcesBuildPhase;
			buildActionMask = 2147483647;
			files = (
				BA585CE721B109A7005462A8 /* tipsTests.swift in Sources */,
			);
			runOnlyForDeploymentPostprocessing = 0;
		};
		BA585CE921B109A7005462A8 /* Sources */ = {
			isa = PBXSourcesBuildPhase;
			buildActionMask = 2147483647;
			files = (
				BA585CF221B109A7005462A8 /* tipsUITests.swift in Sources */,
			);
			runOnlyForDeploymentPostprocessing = 0;
		};
/* End PBXSourcesBuildPhase section */

/* Begin PBXTargetDependency section */
		BA585CE421B109A7005462A8 /* PBXTargetDependency */ = {
			isa = PBXTargetDependency;
			target = BA585CCD21B109A6005462A8 /* tips */;
			targetProxy = BA585CE321B109A7005462A8 /* PBXContainerItemProxy */;
		};
		BA585CEF21B109A7005462A8 /* PBXTargetDependency */ = {
			isa = PBXTargetDependency;
			target = BA585CCD21B109A6005462A8 /* tips */;
			targetProxy = BA585CEE21B109A7005462A8 /* PBXContainerItemProxy */;
		};
/* End PBXTargetDependency section */

/* Begin PBXVariantGroup section */
		BA585CD521B109A6005462A8 /* Main.storyboard */ = {
			isa = PBXVariantGroup;
			children = (
				BA585CD621B109A6005462A8 /* Base */,
			);
			name = Main.storyboard;
			sourceTree = "<group>";
		};
		BA585CDA21B109A7005462A8 /* LaunchScreen.storyboard */ = {
			isa = PBXVariantGroup;
			children = (
				BA585CDB21B109A7005462A8 /* Base */,
			);
			name = LaunchScreen.storyboard;
			sourceTree = "<group>";
		};
/* End PBXVariantGroup section */

/* Begin XCBuildConfiguration section */
		BA585CF421B109A7005462A8 /* Debug */ = {
			isa = XCBuildConfiguration;
			buildSettings = {
				ALWAYS_SEARCH_USER_PATHS = NO;
				CLANG_ANALYZER_NONNULL = YES;
				CLANG_ANALYZER_NUMBER_OBJECT_CONVERSION = YES_AGGRESSIVE;
				CLANG_CXX_LANGUAGE_STANDARD = "gnu++14";
				CLANG_CXX_LIBRARY = "libc++";
				CLANG_ENABLE_MODULES = YES;
				CLANG_ENABLE_OBJC_ARC = YES;
				CLANG_ENABLE_OBJC_WEAK = YES;
				CLANG_WARN_BLOCK_CAPTURE_AUTORELEASING = YES;
				CLANG_WARN_BOOL_CONVERSION = YES;
				CLANG_WARN_COMMA = YES;
				CLANG_WARN_CONSTANT_CONVERSION = YES;
				CLANG_WARN_DEPRECATED_OBJC_IMPLEMENTATIONS = YES;
				CLANG_WARN_DIRECT_OBJC_ISA_USAGE = YES_ERROR;
				CLANG_WARN_DOCUMENTATION_COMMENTS = YES;
				CLANG_WARN_EMPTY_BODY = YES;
				CLANG_WARN_ENUM_CONVERSION = YES;
				CLANG_WARN_INFINITE_RECURSION = YES;
				CLANG_WARN_INT_CONVERSION = YES;
				CLANG_WARN_NON_LITERAL_NULL_CONVERSION = YES;
				CLANG_WARN_OBJC_IMPLICIT_RETAIN_SELF = YES;
				CLANG_WARN_OBJC_LITERAL_CONVERSION = YES;
				CLANG_WARN_OBJC_ROOT_CLASS = YES_ERROR;
				CLANG_WARN_RANGE_LOOP_ANALYSIS = YES;
				CLANG_WARN_STRICT_PROTOTYPES = YES;
				CLANG_WARN_SUSPICIOUS_MOVE = YES;
				CLANG_WARN_UNGUARDED_AVAILABILITY = YES_AGGRESSIVE;
				CLANG_WARN_UNREACHABLE_CODE = YES;
				CLANG_WARN__DUPLICATE_METHOD_MATCH = YES;
				CODE_SIGN_IDENTITY = "iPhone Developer";
				COPY_PHASE_STRIP = NO;
				DEBUG_INFORMATION_FORMAT = dwarf;
				ENABLE_STRICT_OBJC_MSGSEND = YES;
				ENABLE_TESTABILITY = YES;
				GCC_C_LANGUAGE_STANDARD = gnu11;
				GCC_DYNAMIC_NO_PIC = NO;
				GCC_NO_COMMON_BLOCKS = YES;
				GCC_OPTIMIZATION_LEVEL = 0;
				GCC_PREPROCESSOR_DEFINITIONS = (
					"DEBUG=1",
					"$(inherited)",
				);
				GCC_WARN_64_TO_32_BIT_CONVERSION = YES;
				GCC_WARN_ABOUT_RETURN_TYPE = YES_ERROR;
				GCC_WARN_UNDECLARED_SELECTOR = YES;
				GCC_WARN_UNINITIALIZED_AUTOS = YES_AGGRESSIVE;
				GCC_WARN_UNUSED_FUNCTION = YES;
				GCC_WARN_UNUSED_VARIABLE = YES;
				IPHONEOS_DEPLOYMENT_TARGET = 12.1;
				MTL_ENABLE_DEBUG_INFO = INCLUDE_SOURCE;
				MTL_FAST_MATH = YES;
				ONLY_ACTIVE_ARCH = YES;
				SDKROOT = iphoneos;
				SWIFT_ACTIVE_COMPILATION_CONDITIONS = DEBUG;
				SWIFT_OPTIMIZATION_LEVEL = "-Onone";
			};
			name = Debug;
		};
		BA585CF521B109A7005462A8 /* Release */ = {
			isa = XCBuildConfiguration;
			buildSettings = {
				ALWAYS_SEARCH_USER_PATHS = NO;
				CLANG_ANALYZER_NONNULL = YES;
				CLANG_ANALYZER_NUMBER_OBJECT_CONVERSION = YES_AGGRESSIVE;
				CLANG_CXX_LANGUAGE_STANDARD = "gnu++14";
				CLANG_CXX_LIBRARY = "libc++";
				CLANG_ENABLE_MODULES = YES;
				CLANG_ENABLE_OBJC_ARC = YES;
				CLANG_ENABLE_OBJC_WEAK = YES;
				CLANG_WARN_BLOCK_CAPTURE_AUTORELEASING = YES;
				CLANG_WARN_BOOL_CONVERSION = YES;
				CLANG_WARN_COMMA = YES;
				CLANG_WARN_CONSTANT_CONVERSION = YES;
				CLANG_WARN_DEPRECATED_OBJC_IMPLEMENTATIONS = YES;
				CLANG_WARN_DIRECT_OBJC_ISA_USAGE = YES_ERROR;
				CLANG_WARN_DOCUMENTATION_COMMENTS = YES;
				CLANG_WARN_EMPTY_BODY = YES;
				CLANG_WARN_ENUM_CONVERSION = YES;
				CLANG_WARN_INFINITE_RECURSION = YES;
				CLANG_WARN_INT_CONVERSION = YES;
				CLANG_WARN_NON_LITERAL_NULL_CONVERSION = YES;
				CLANG_WARN_OBJC_IMPLICIT_RETAIN_SELF = YES;
				CLANG_WARN_OBJC_LITERAL_CONVERSION = YES;
				CLANG_WARN_OBJC_ROOT_CLASS = YES_ERROR;
				CLANG_WARN_RANGE_LOOP_ANALYSIS = YES;
				CLANG_WARN_STRICT_PROTOTYPES = YES;
				CLANG_WARN_SUSPICIOUS_MOVE = YES;
				CLANG_WARN_UNGUARDED_AVAILABILITY = YES_AGGRESSIVE;
				CLANG_WARN_UNREACHABLE_CODE = YES;
				CLANG_WARN__DUPLICATE_METHOD_MATCH = YES;
				CODE_SIGN_IDENTITY = "iPhone Developer";
				COPY_PHASE_STRIP = NO;
				DEBUG_INFORMATION_FORMAT = "dwarf-with-dsym";
				ENABLE_NS_ASSERTIONS = NO;
				ENABLE_STRICT_OBJC_MSGSEND = YES;
				GCC_C_LANGUAGE_STANDARD = gnu11;
				GCC_NO_COMMON_BLOCKS = YES;
				GCC_WARN_64_TO_32_BIT_CONVERSION = YES;
				GCC_WARN_ABOUT_RETURN_TYPE = YES_ERROR;
				GCC_WARN_UNDECLARED_SELECTOR = YES;
				GCC_WARN_UNINITIALIZED_AUTOS = YES_AGGRESSIVE;
				GCC_WARN_UNUSED_FUNCTION = YES;
				GCC_WARN_UNUSED_VARIABLE = YES;
				IPHONEOS_DEPLOYMENT_TARGET = 12.1;
				MTL_ENABLE_DEBUG_INFO = NO;
				MTL_FAST_MATH = YES;
				SDKROOT = iphoneos;
				SWIFT_COMPILATION_MODE = wholemodule;
				SWIFT_OPTIMIZATION_LEVEL = "-O";
				VALIDATE_PRODUCT = YES;
			};
			name = Release;
		};
		BA585CF721B109A7005462A8 /* Debug */ = {
			isa = XCBuildConfiguration;
			buildSettings = {
				ASSETCATALOG_COMPILER_APPICON_NAME = AppIcon;
				CODE_SIGN_STYLE = Automatic;
				INFOPLIST_FILE = tips/Info.plist;
				LD_RUNPATH_SEARCH_PATHS = (
					"$(inherited)",
					"@executable_path/Frameworks",
				);
				PRODUCT_BUNDLE_IDENTIFIER = com.codepath.tips;
				PRODUCT_NAME = "$(TARGET_NAME)";
				SWIFT_VERSION = 4.2;
				TARGETED_DEVICE_FAMILY = "1,2";
			};
			name = Debug;
		};
		BA585CF821B109A7005462A8 /* Release */ = {
			isa = XCBuildConfiguration;
			buildSettings = {
				ASSETCATALOG_COMPILER_APPICON_NAME = AppIcon;
				CODE_SIGN_STYLE = Automatic;
				INFOPLIST_FILE = tips/Info.plist;
				LD_RUNPATH_SEARCH_PATHS = (
					"$(inherited)",
					"@executable_path/Frameworks",
				);
				PRODUCT_BUNDLE_IDENTIFIER = com.codepath.tips;
				PRODUCT_NAME = "$(TARGET_NAME)";
				SWIFT_VERSION = 4.2;
				TARGETED_DEVICE_FAMILY = "1,2";
			};
			name = Release;
		};
		BA585CFA21B109A7005462A8 /* Debug */ = {
			isa = XCBuildConfiguration;
			buildSettings = {
				ALWAYS_EMBED_SWIFT_STANDARD_LIBRARIES = YES;
				BUNDLE_LOADER = "$(TEST_HOST)";
				CODE_SIGN_STYLE = Automatic;
				INFOPLIST_FILE = tipsTests/Info.plist;
				LD_RUNPATH_SEARCH_PATHS = (
					"$(inherited)",
					"@executable_path/Frameworks",
					"@loader_path/Frameworks",
				);
				PRODUCT_BUNDLE_IDENTIFIER = com.codepath.tipsTests;
				PRODUCT_NAME = "$(TARGET_NAME)";
				SWIFT_VERSION = 4.2;
				TARGETED_DEVICE_FAMILY = "1,2";
				TEST_HOST = "$(BUILT_PRODUCTS_DIR)/tips.app/tips";
			};
			name = Debug;
		};
		BA585CFB21B109A7005462A8 /* Release */ = {
			isa = XCBuildConfiguration;
			buildSettings = {
				ALWAYS_EMBED_SWIFT_STANDARD_LIBRARIES = YES;
				BUNDLE_LOADER = "$(TEST_HOST)";
				CODE_SIGN_STYLE = Automatic;
				INFOPLIST_FILE = tipsTests/Info.plist;
				LD_RUNPATH_SEARCH_PATHS = (
					"$(inherited)",
					"@executable_path/Frameworks",
					"@loader_path/Frameworks",
				);
				PRODUCT_BUNDLE_IDENTIFIER = com.codepath.tipsTests;
				PRODUCT_NAME = "$(TARGET_NAME)";
				SWIFT_VERSION = 4.2;
				TARGETED_DEVICE_FAMILY = "1,2";
				TEST_HOST = "$(BUILT_PRODUCTS_DIR)/tips.app/tips";
			};
			name = Release;
		};
		BA585CFD21B109A7005462A8 /* Debug */ = {
			isa = XCBuildConfiguration;
			buildSettings = {
				ALWAYS_EMBED_SWIFT_STANDARD_LIBRARIES = YES;
				CODE_SIGN_STYLE = Automatic;
				INFOPLIST_FILE = tipsUITests/Info.plist;
				LD_RUNPATH_SEARCH_PATHS = (
					"$(inherited)",
					"@executable_path/Frameworks",
					"@loader_path/Frameworks",
				);
				PRODUCT_BUNDLE_IDENTIFIER = com.codepath.tipsUITests;
				PRODUCT_NAME = "$(TARGET_NAME)";
				SWIFT_VERSION = 4.2;
				TARGETED_DEVICE_FAMILY = "1,2";
				TEST_TARGET_NAME = tips;
			};
			name = Debug;
		};
		BA585CFE21B109A7005462A8 /* Release */ = {
			isa = XCBuildConfiguration;
			buildSettings = {
				ALWAYS_EMBED_SWIFT_STANDARD_LIBRARIES = YES;
				CODE_SIGN_STYLE = Automatic;
				INFOPLIST_FILE = tipsUITests/Info.plist;
				LD_RUNPATH_SEARCH_PATHS = (
					"$(inherited)",
					"@executable_path/Frameworks",
					"@loader_path/Frameworks",
				);
				PRODUCT_BUNDLE_IDENTIFIER = com.codepath.tipsUITests;
				PRODUCT_NAME = "$(TARGET_NAME)";
				SWIFT_VERSION = 4.2;
				TARGETED_DEVICE_FAMILY = "1,2";
				TEST_TARGET_NAME = tips;
			};
			name = Release;
		};
/* End XCBuildConfiguration section */

/* Begin XCConfigurationList section */
		BA585CC921B109A6005462A8 /* Build configuration list for PBXProject "tips" */ = {
			isa = XCConfigurationList;
			buildConfigurations = (
				BA585CF421B109A7005462A8 /* Debug */,
				BA585CF521B109A7005462A8 /* Release */,
			);
			defaultConfigurationIsVisible = 0;
			defaultConfigurationName = Release;
		};
		BA585CF621B109A7005462A8 /* Build configuration list for PBXNativeTarget "tips" */ = {
			isa = XCConfigurationList;
			buildConfigurations = (
				BA585CF721B109A7005462A8 /* Debug */,
				BA585CF821B109A7005462A8 /* Release */,
			);
			defaultConfigurationIsVisible = 0;
			defaultConfigurationName = Release;
		};
		BA585CF921B109A7005462A8 /* Build configuration list for PBXNativeTarget "tipsTests" */ = {
			isa = XCConfigurationList;
			buildConfigurations = (
				BA585CFA21B109A7005462A8 /* Debug */,
				BA585CFB21B109A7005462A8 /* Release */,
			);
			defaultConfigurationIsVisible = 0;
			defaultConfigurationName = Release;
		};
		BA585CFC21B109A7005462A8 /* Build configuration list for PBXNativeTarget "tipsUITests" */ = {
			isa = XCConfigurationList;
			buildConfigurations = (
				BA585CFD21B109A7005462A8 /* Debug */,
				BA585CFE21B109A7005462A8 /* Release */,
			);
			defaultConfigurationIsVisible = 0;
			defaultConfigurationName = Release;
		};
/* End XCConfigurationList section */
	};
	rootObject = BA585CC621B109A6005462A8 /* Project object */;
}
